
Microsoft Visual Studio Solution File, Format Version 12.00
# Visual Studio 15
VisualStudioVersion = 15.0.28307.757
MinimumVisualStudioVersion = 10.0.40219.1
Project("{9A19103F-16F7-4668-BE54-9A1E7A4F7556}") = "AutoSummon", "AutoSummon.csproj", "{F563D03E-B952-424F-A64F-9AD24B5059E9}"
EndProject
Global
	GlobalSection(SolutionConfigurationPlatforms) = preSolution
		Debug|Any CPU = Debug|Any CPU
		Release|Any CPU = Release|Any CPU
	EndGlobalSection
	GlobalSection(ProjectConfigurationPlatforms) = postSolution
		{F563D03E-B952-424F-A64F-9AD24B5059E9}.Debug|Any CPU.ActiveCfg = Debug|Any CPU
		{F563D03E-B952-424F-A64F-9AD24B5059E9}.Debug|Any CPU.Build.0 = Debug|Any CPU
		{F563D03E-B952-424F-A64F-9AD24B5059E9}.Release|Any CPU.ActiveCfg = Release|Any CPU
		{F563D03E-B952-424F-A64F-9AD24B5059E9}.Release|Any CPU.Build.0 = Release|Any CPU
	EndGlobalSection
	GlobalSection(SolutionProperties) = preSolution
		HideSolutionNode = FALSE
	EndGlobalSection
	GlobalSection(ExtensibilityGlobals) = postSolution
		SolutionGuid = {A3AB411E-263D-4284-AF3A-9894FFA8BB11}
	EndGlobalSection
EndGlobal
